<?xml version="1.0" encoding="UTF-8" standalone="yes" ?>
<CodeBlocks_project_file>
   <FileVersion major="1" minor="6" />
   <Project>
      <Option title="AtlasServer" />
      <Option makefile_is_custom="1" />
      <Option compiler="gcc" />
      <Option virtualFolders="CMake Files\;" />
      <Build>
      <Target title="all">
         <Option working_dir="/home/whayer/Projects/AtlasServer/AtlasServer/Qt/build-AtlasServer-Desktop_Qt_5_9_5_GCC_64bit-Release" />
         <Option type="4" />
         <MakeCommands>
            <Build command="/usr/bin/make -f &quot;/home/whayer/Projects/AtlasServer/AtlasServer/Qt/build-AtlasServer-Desktop_Qt_5_9_5_GCC_64bit-Release/Makefile&quot;  VERBOSE=1 all" />
            <CompileFile command="/usr/bin/make -f &quot;/home/whayer/Projects/AtlasServer/AtlasServer/Qt/build-AtlasServer-Desktop_Qt_5_9_5_GCC_64bit-Release/Makefile&quot;  VERBOSE=1 &quot;$file&quot;" />
            <Clean command="/usr/bin/make -f &quot;/home/whayer/Projects/AtlasServer/AtlasServer/Qt/build-AtlasServer-Desktop_Qt_5_9_5_GCC_64bit-Release/Makefile&quot;  VERBOSE=1 clean" />
            <DistClean command="/usr/bin/make -f &quot;/home/whayer/Projects/AtlasServer/AtlasServer/Qt/build-AtlasServer-Desktop_Qt_5_9_5_GCC_64bit-Release/Makefile&quot;  VERBOSE=1 clean" />
         </MakeCommands>
      </Target>
      <Target title="edit_cache">
         <Option working_dir="/home/whayer/Projects/AtlasServer/AtlasServer/Qt/build-AtlasServer-Desktop_Qt_5_9_5_GCC_64bit-Release" />
         <Option type="4" />
         <MakeCommands>
            <Build command="/usr/bin/make -f &quot;/home/whayer/Projects/AtlasServer/AtlasServer/Qt/build-AtlasServer-Desktop_Qt_5_9_5_GCC_64bit-Release/Makefile&quot;  VERBOSE=1 edit_cache" />
            <CompileFile command="/usr/bin/make -f &quot;/home/whayer/Projects/AtlasServer/AtlasServer/Qt/build-AtlasServer-Desktop_Qt_5_9_5_GCC_64bit-Release/Makefile&quot;  VERBOSE=1 &quot;$file&quot;" />
            <Clean command="/usr/bin/make -f &quot;/home/whayer/Projects/AtlasServer/AtlasServer/Qt/build-AtlasServer-Desktop_Qt_5_9_5_GCC_64bit-Release/Makefile&quot;  VERBOSE=1 clean" />
            <DistClean command="/usr/bin/make -f &quot;/home/whayer/Projects/AtlasServer/AtlasServer/Qt/build-AtlasServer-Desktop_Qt_5_9_5_GCC_64bit-Release/Makefile&quot;  VERBOSE=1 clean" />
         </MakeCommands>
      </Target>
      <Target title="rebuild_cache">
         <Option working_dir="/home/whayer/Projects/AtlasServer/AtlasServer/Qt/build-AtlasServer-Desktop_Qt_5_9_5_GCC_64bit-Release" />
         <Option type="4" />
         <MakeCommands>
            <Build command="/usr/bin/make -f &quot;/home/whayer/Projects/AtlasServer/AtlasServer/Qt/build-AtlasServer-Desktop_Qt_5_9_5_GCC_64bit-Release/Makefile&quot;  VERBOSE=1 rebuild_cache" />
            <CompileFile command="/usr/bin/make -f &quot;/home/whayer/Projects/AtlasServer/AtlasServer/Qt/build-AtlasServer-Desktop_Qt_5_9_5_GCC_64bit-Release/Makefile&quot;  VERBOSE=1 &quot;$file&quot;" />
            <Clean command="/usr/bin/make -f &quot;/home/whayer/Projects/AtlasServer/AtlasServer/Qt/build-AtlasServer-Desktop_Qt_5_9_5_GCC_64bit-Release/Makefile&quot;  VERBOSE=1 clean" />
            <DistClean command="/usr/bin/make -f &quot;/home/whayer/Projects/AtlasServer/AtlasServer/Qt/build-AtlasServer-Desktop_Qt_5_9_5_GCC_64bit-Release/Makefile&quot;  VERBOSE=1 clean" />
         </MakeCommands>
      </Target>
      <Target title="AtlasServer">
         <Option output="/home/whayer/Projects/AtlasServer/AtlasServer/Qt/build-AtlasServer-Desktop_Qt_5_9_5_GCC_64bit-Release/AtlasServer" prefix_auto="0" extension_auto="0" />
         <Option working_dir="/home/whayer/Projects/AtlasServer/AtlasServer/Qt/build-AtlasServer-Desktop_Qt_5_9_5_GCC_64bit-Release" />
         <Option object_output="./" />
         <Option type="1" />
         <Option compiler="gcc" />
         <Compiler>
            <Add directory="/home/whayer/3rdParty/atlas-aarch64/boost-aarch64/include" />
            <Add directory="/home/whayer/3rdParty/atlas-aarch64/log4cpp/include" />
            <Add directory="/home/whayer/3rdParty/atlas-aarch64/openssl-aarch64/include" />
            <Add directory="/home/whayer/Projects/AtlasServer/AtlasServer/./source/AnalyseSingle" />
            <Add directory="/home/whayer/Projects/AtlasServer/AtlasServer/./source/AnalyseSingle/include" />
            <Add directory="/home/whayer/Projects/AtlasServer/AtlasServer/./source/Manager" />
            <Add directory="/home/whayer/Projects/AtlasServer/AtlasServer/./source/foundation/include" />
            <Add directory="/home/whayer/Projects/AtlasServer/AtlasServer/3rdPart/cpprestsdk/include" />
            <Add directory="/home/whayer/huawei/ddk/include/third_party/opencv/include" />
            <Add directory="/usr/include" />
            <Add directory="/usr/lib/gcc-cross/aarch64-linux-gnu/5/../../../../aarch64-linux-gnu/include" />
            <Add directory="/usr/lib/gcc-cross/aarch64-linux-gnu/5/../../../../aarch64-linux-gnu/include/c++/5" />
            <Add directory="/usr/lib/gcc-cross/aarch64-linux-gnu/5/../../../../aarch64-linux-gnu/include/c++/5/aarch64-linux-gnu" />
            <Add directory="/usr/lib/gcc-cross/aarch64-linux-gnu/5/../../../../aarch64-linux-gnu/include/c++/5/backward" />
            <Add directory="/usr/lib/gcc-cross/aarch64-linux-gnu/5/include" />
            <Add directory="/usr/lib/gcc-cross/aarch64-linux-gnu/5/include-fixed" />
         </Compiler>
         <MakeCommands>
            <Build command="/usr/bin/make -f &quot;/home/whayer/Projects/AtlasServer/AtlasServer/Qt/build-AtlasServer-Desktop_Qt_5_9_5_GCC_64bit-Release/Makefile&quot;  VERBOSE=1 AtlasServer" />
            <CompileFile command="/usr/bin/make -f &quot;/home/whayer/Projects/AtlasServer/AtlasServer/Qt/build-AtlasServer-Desktop_Qt_5_9_5_GCC_64bit-Release/Makefile&quot;  VERBOSE=1 &quot;$file&quot;" />
            <Clean command="/usr/bin/make -f &quot;/home/whayer/Projects/AtlasServer/AtlasServer/Qt/build-AtlasServer-Desktop_Qt_5_9_5_GCC_64bit-Release/Makefile&quot;  VERBOSE=1 clean" />
            <DistClean command="/usr/bin/make -f &quot;/home/whayer/Projects/AtlasServer/AtlasServer/Qt/build-AtlasServer-Desktop_Qt_5_9_5_GCC_64bit-Release/Makefile&quot;  VERBOSE=1 clean" />
         </MakeCommands>
      </Target>
      <Target title="AtlasServer/fast">
         <Option output="/home/whayer/Projects/AtlasServer/AtlasServer/Qt/build-AtlasServer-Desktop_Qt_5_9_5_GCC_64bit-Release/AtlasServer" prefix_auto="0" extension_auto="0" />
         <Option working_dir="/home/whayer/Projects/AtlasServer/AtlasServer/Qt/build-AtlasServer-Desktop_Qt_5_9_5_GCC_64bit-Release" />
         <Option object_output="./" />
         <Option type="1" />
         <Option compiler="gcc" />
         <Compiler>
            <Add directory="/home/whayer/3rdParty/atlas-aarch64/boost-aarch64/include" />
            <Add directory="/home/whayer/3rdParty/atlas-aarch64/log4cpp/include" />
            <Add directory="/home/whayer/3rdParty/atlas-aarch64/openssl-aarch64/include" />
            <Add directory="/home/whayer/Projects/AtlasServer/AtlasServer/./source/AnalyseSingle" />
            <Add directory="/home/whayer/Projects/AtlasServer/AtlasServer/./source/AnalyseSingle/include" />
            <Add directory="/home/whayer/Projects/AtlasServer/AtlasServer/./source/Manager" />
            <Add directory="/home/whayer/Projects/AtlasServer/AtlasServer/./source/foundation/include" />
            <Add directory="/home/whayer/Projects/AtlasServer/AtlasServer/3rdPart/cpprestsdk/include" />
            <Add directory="/home/whayer/huawei/ddk/include/third_party/opencv/include" />
            <Add directory="/usr/include" />
            <Add directory="/usr/lib/gcc-cross/aarch64-linux-gnu/5/../../../../aarch64-linux-gnu/include" />
            <Add directory="/usr/lib/gcc-cross/aarch64-linux-gnu/5/../../../../aarch64-linux-gnu/include/c++/5" />
            <Add directory="/usr/lib/gcc-cross/aarch64-linux-gnu/5/../../../../aarch64-linux-gnu/include/c++/5/aarch64-linux-gnu" />
            <Add directory="/usr/lib/gcc-cross/aarch64-linux-gnu/5/../../../../aarch64-linux-gnu/include/c++/5/backward" />
            <Add directory="/usr/lib/gcc-cross/aarch64-linux-gnu/5/include" />
            <Add directory="/usr/lib/gcc-cross/aarch64-linux-gnu/5/include-fixed" />
         </Compiler>
         <MakeCommands>
            <Build command="/usr/bin/make -f &quot;/home/whayer/Projects/AtlasServer/AtlasServer/Qt/build-AtlasServer-Desktop_Qt_5_9_5_GCC_64bit-Release/Makefile&quot;  VERBOSE=1 AtlasServer/fast" />
            <CompileFile command="/usr/bin/make -f &quot;/home/whayer/Projects/AtlasServer/AtlasServer/Qt/build-AtlasServer-Desktop_Qt_5_9_5_GCC_64bit-Release/Makefile&quot;  VERBOSE=1 &quot;$file&quot;" />
            <Clean command="/usr/bin/make -f &quot;/home/whayer/Projects/AtlasServer/AtlasServer/Qt/build-AtlasServer-Desktop_Qt_5_9_5_GCC_64bit-Release/Makefile&quot;  VERBOSE=1 clean" />
            <DistClean command="/usr/bin/make -f &quot;/home/whayer/Projects/AtlasServer/AtlasServer/Qt/build-AtlasServer-Desktop_Qt_5_9_5_GCC_64bit-Release/Makefile&quot;  VERBOSE=1 clean" />
         </MakeCommands>
      </Target>
      </Build>
      <Unit filename="/home/whayer/Projects/AtlasServer/AtlasServer/source/AnalyseSingle/Algorithm/MeterV2Object.cpp">
         <Option target="AtlasServer"/>
      </Unit>
      <Unit filename="/home/whayer/Projects/AtlasServer/AtlasServer/source/AnalyseSingle/Algorithm/MeterV2Object.h">
         <Option target="AtlasServer"/>
      </Unit>
      <Unit filename="/home/whayer/Projects/AtlasServer/AtlasServer/source/AnalyseSingle/Algorithm/MeterV2Train.cpp">
         <Option target="AtlasServer"/>
      </Unit>
      <Unit filename="/home/whayer/Projects/AtlasServer/AtlasServer/source/AnalyseSingle/Algorithm/MeterV2Train.h">
         <Option target="AtlasServer"/>
      </Unit>
      <Unit filename="/home/whayer/Projects/AtlasServer/AtlasServer/source/AnalyseSingle/AnalyseBase/AnalyseCommon.cpp">
         <Option target="AtlasServer"/>
      </Unit>
      <Unit filename="/home/whayer/Projects/AtlasServer/AtlasServer/source/AnalyseSingle/AnalyseBase/AnalyseCommon.h">
         <Option target="AtlasServer"/>
      </Unit>
      <Unit filename="/home/whayer/Projects/AtlasServer/AtlasServer/source/AnalyseSingle/AnalyseBase/AnalyseObject.cpp">
         <Option target="AtlasServer"/>
      </Unit>
      <Unit filename="/home/whayer/Projects/AtlasServer/AtlasServer/source/AnalyseSingle/AnalyseBase/AnalyseObject.h">
         <Option target="AtlasServer"/>
      </Unit>
      <Unit filename="/home/whayer/Projects/AtlasServer/AtlasServer/source/AnalyseSingle/AnalyseBase/AnalyseTrain.cpp">
         <Option target="AtlasServer"/>
      </Unit>
      <Unit filename="/home/whayer/Projects/AtlasServer/AtlasServer/source/AnalyseSingle/AnalyseBase/AnalyseTrain.h">
         <Option target="AtlasServer"/>
      </Unit>
      <Unit filename="/home/whayer/Projects/AtlasServer/AtlasServer/source/AnalyseSingle/AnalyseSingleService.cpp">
         <Option target="AtlasServer"/>
      </Unit>
      <Unit filename="/home/whayer/Projects/AtlasServer/AtlasServer/source/AnalyseSingle/AnalyseSingleService.h">
         <Option target="AtlasServer"/>
      </Unit>
      <Unit filename="/home/whayer/Projects/AtlasServer/AtlasServer/source/AnalyseSingle/SingleObjectManager.cpp">
         <Option target="AtlasServer"/>
      </Unit>
      <Unit filename="/home/whayer/Projects/AtlasServer/AtlasServer/source/AnalyseSingle/SingleObjectManager.h">
         <Option target="AtlasServer"/>
      </Unit>
      <Unit filename="/home/whayer/Projects/AtlasServer/AtlasServer/source/AnalyseSingle/ThreadPool/TaskContainer.cpp">
         <Option target="AtlasServer"/>
      </Unit>
      <Unit filename="/home/whayer/Projects/AtlasServer/AtlasServer/source/AnalyseSingle/ThreadPool/TaskContainer.h">
         <Option target="AtlasServer"/>
      </Unit>
      <Unit filename="/home/whayer/Projects/AtlasServer/AtlasServer/source/AnalyseSingle/ThreadPool/ThreadPool.cpp">
         <Option target="AtlasServer"/>
      </Unit>
      <Unit filename="/home/whayer/Projects/AtlasServer/AtlasServer/source/AnalyseSingle/ThreadPool/ThreadPool.h">
         <Option target="AtlasServer"/>
      </Unit>
      <Unit filename="/home/whayer/Projects/AtlasServer/AtlasServer/source/Device/dev_system.cpp">
         <Option target="AtlasServer"/>
      </Unit>
      <Unit filename="/home/whayer/Projects/AtlasServer/AtlasServer/source/Device/dev_system.h">
         <Option target="AtlasServer"/>
      </Unit>
      <Unit filename="/home/whayer/Projects/AtlasServer/AtlasServer/source/HttpInterfaceHandler.cpp">
         <Option target="AtlasServer"/>
      </Unit>
      <Unit filename="/home/whayer/Projects/AtlasServer/AtlasServer/source/HttpInterfaceHandler.h">
         <Option target="AtlasServer"/>
      </Unit>
      <Unit filename="/home/whayer/Projects/AtlasServer/AtlasServer/source/Manager/DataBaseInterface.cpp">
         <Option target="AtlasServer"/>
      </Unit>
      <Unit filename="/home/whayer/Projects/AtlasServer/AtlasServer/source/Manager/DataBaseInterface.h">
         <Option target="AtlasServer"/>
      </Unit>
      <Unit filename="/home/whayer/Projects/AtlasServer/AtlasServer/source/Manager/FileManager.cpp">
         <Option target="AtlasServer"/>
      </Unit>
      <Unit filename="/home/whayer/Projects/AtlasServer/AtlasServer/source/Manager/FileManager.h">
         <Option target="AtlasServer"/>
      </Unit>
      <Unit filename="/home/whayer/Projects/AtlasServer/AtlasServer/source/Manager/GlobalDataManager.cpp">
         <Option target="AtlasServer"/>
      </Unit>
      <Unit filename="/home/whayer/Projects/AtlasServer/AtlasServer/source/Manager/GlobalDataManager.h">
         <Option target="AtlasServer"/>
      </Unit>
      <Unit filename="/home/whayer/Projects/AtlasServer/AtlasServer/source/Manager/NetScheduleLib.cpp">
         <Option target="AtlasServer"/>
      </Unit>
      <Unit filename="/home/whayer/Projects/AtlasServer/AtlasServer/source/Manager/NetScheduleLib.h">
         <Option target="AtlasServer"/>
      </Unit>
      <Unit filename="/home/whayer/Projects/AtlasServer/AtlasServer/source/Manager/sqlite/StringConvert.cpp">
         <Option target="AtlasServer"/>
      </Unit>
      <Unit filename="/home/whayer/Projects/AtlasServer/AtlasServer/source/Manager/sqlite/StringConvert.h">
         <Option target="AtlasServer"/>
      </Unit>
      <Unit filename="/home/whayer/Projects/AtlasServer/AtlasServer/source/Manager/sqlite/sqlite3.c">
         <Option target="AtlasServer"/>
      </Unit>
      <Unit filename="/home/whayer/Projects/AtlasServer/AtlasServer/source/Manager/sqlite/sqlite3.h">
         <Option target="AtlasServer"/>
      </Unit>
      <Unit filename="/home/whayer/Projects/AtlasServer/AtlasServer/source/Manager/sqlite/sqliteHelpper.cpp">
         <Option target="AtlasServer"/>
      </Unit>
      <Unit filename="/home/whayer/Projects/AtlasServer/AtlasServer/source/Manager/sqlite/sqliteHelpper.h">
         <Option target="AtlasServer"/>
      </Unit>
      <Unit filename="/home/whayer/Projects/AtlasServer/AtlasServer/source/foundation/basic_controller.cpp">
         <Option target="AtlasServer"/>
      </Unit>
      <Unit filename="/home/whayer/Projects/AtlasServer/AtlasServer/source/foundation/network_utils.cpp">
         <Option target="AtlasServer"/>
      </Unit>
      <Unit filename="/home/whayer/Projects/AtlasServer/AtlasServer/source/main.cpp">
         <Option target="AtlasServer"/>
      </Unit>
      <Unit filename="/home/whayer/Projects/AtlasServer/AtlasServer/source/microsvc_controller.cpp">
         <Option target="AtlasServer"/>
      </Unit>
      <Unit filename="/home/whayer/Projects/AtlasServer/AtlasServer/source/microsvc_controller.hpp">
         <Option target="AtlasServer"/>
      </Unit>
      <Unit filename="/home/whayer/Projects/AtlasServer/AtlasServer/CMakeLists.txt">
          <Option virtualFolder="CMake Files\" />
      </Unit>
   </Project>
</CodeBlocks_project_file>
